
Microsoft Visual Studio Solution File, Format Version 12.00
# Visual Studio Version 17
VisualStudioVersion = 17.8.34316.72
MinimumVisualStudioVersion = 10.0.40219.1
Project("{FAE04EC0-301F-11D3-BF4B-00C04F79EFBC}") = "RepositoryDesignPattren", "RepositoryDesignPattren\RepositoryDesignPattren.csproj", "{72E6C595-42E5-4B68-B9DA-129C802D5E07}"
EndProject
Project("{FAE04EC0-301F-11D3-BF4B-00C04F79EFBC}") = "RepositoryDesignPattrenModels", "RepositoryDesignPattrenModels\RepositoryDesignPattrenModels.csproj", "{F4FE8065-2C34-41F7-B3CC-597B423C0654}"
EndProject
Global
	GlobalSection(SolutionConfigurationPlatforms) = preSolution
		Debug|Any CPU = Debug|Any CPU
		Release|Any CPU = Release|Any CPU
	EndGlobalSection
	GlobalSection(ProjectConfigurationPlatforms) = postSolution
		{72E6C595-42E5-4B68-B9DA-129C802D5E07}.Debug|Any CPU.ActiveCfg = Debug|Any CPU
		{72E6C595-42E5-4B68-B9DA-129C802D5E07}.Debug|Any CPU.Build.0 = Debug|Any CPU
		{72E6C595-42E5-4B68-B9DA-129C802D5E07}.Release|Any CPU.ActiveCfg = Release|Any CPU
		{72E6C595-42E5-4B68-B9DA-129C802D5E07}.Release|Any CPU.Build.0 = Release|Any CPU
		{F4FE8065-2C34-41F7-B3CC-597B423C0654}.Debug|Any CPU.ActiveCfg = Debug|Any CPU
		{F4FE8065-2C34-41F7-B3CC-597B423C0654}.Debug|Any CPU.Build.0 = Debug|Any CPU
		{F4FE8065-2C34-41F7-B3CC-597B423C0654}.Release|Any CPU.ActiveCfg = Release|Any CPU
		{F4FE8065-2C34-41F7-B3CC-597B423C0654}.Release|Any CPU.Build.0 = Release|Any CPU
	EndGlobalSection
	GlobalSection(SolutionProperties) = preSolution
		HideSolutionNode = FALSE
	EndGlobalSection
	GlobalSection(ExtensibilityGlobals) = postSolution
		SolutionGuid = {FE674FCF-E757-4BC3-9322-D9A435178430}
	EndGlobalSection
EndGlobal
